{
  "name": "wasmedge",
  "lockfileVersion": 3,
  "requires": true,
  "packages": {
    "": {
      "name": "wasmedge",
      "devDependencies": {
        "@commitlint/config-conventional": "20.2.0",
        "commitlint": "20.2.0",
        "conventional-changelog-conventionalcommits": "9.1.0"
      }
    },
    "node_modules/@babel/code-frame": {
      "version": "7.29.7",
      "resolved": "https://registry.npmjs.org/@babel/code-frame/-/code-frame-7.29.7.tgz",
      "integrity": "sha512-Aup7aUOfpbAUg2ROOJN6Iw5f9DMBlzu0mIkm/malLQFN/YQgO48wCj0Kxa3sEHJvPVFg7siR+qRInwXd2qhQKw==",
      "dev": true,
      "license": "MIT",
      "dependencies": {
        "@babel/helper-validator-identifier": "^7.29.7",
        "js-tokens": "^4.0.0",
        "picocolors": "^1.1.1"
      },
      "engines": {
        "node": ">=6.9.0"
      }
    },
    "node_modules/@babel/helper-validator-identifier": {
      "version": "7.29.7",
      "resolved": "https://registry.npmjs.org/@babel/helper-validator-identifier/-/helper-validator-identifier-7.29.7.tgz",
      "integrity": "sha512-qehxGkRj55h/ff8EMaJ+cYhyaKlHIxqYDn682wQD7RNp9UujOQsHog2uS0r2vzr4pW+sXf90NeeayjcNaX3fFg==",
      "dev": true,
      "license": "MIT",
      "engines": {
        "node": ">=6.9.0"
      }
    },
    "node_modules/@commitlint/cli": {
      "version": "20.5.3",
      "resolved": "https://registry.npmjs.org/@commitlint/cli/-/cli-20.5.3.tgz",
      "integrity": "sha512-OJdL0EXWD5y9LPa0nr/geOwzaS8BsdaybKkcloB0JgsguGxNv2R+hC2FTPqrAcprg35zF33KOQerY0x8W1aesA==",
      "dev": true,
      "license": "MIT",
      "dependencies": {
        "@commitlint/format": "^20.5.0",
        "@commitlint/lint": "^20.5.3",
        "@commitlint/load": "^20.5.3",
        "@commitlint/read": "^20.5.0",
        "@commitlint/types": "^20.5.0",
        "tinyexec": "^1.0.0",
        "yargs": "^17.0.0"
      },
      "bin": {
        "commitlint": "cli.js"
      },
      "engines": {
        "node": ">=v18"
      }
    },
    "node_modules/@commitlint/config-conventional": {
      "version": "20.2.0",
      "resolved": "https://registry.npmjs.org/@commitlint/config-conventional/-/config-conventional-20.2.0.tgz",
      "integrity": "sha512-MsRac+yNIbTB4Q/psstKK4/ciVzACHicSwz+04Sxve+4DW+PiJeTjU0JnS4m/oOnulrXYN+yBPlKaBSGemRfgQ==",
      "dev": true,
      "license": "MIT",
      "dependencies": {
        "@commitlint/types": "^20.2.0",
        "conventional-changelog-conventionalcommits": "^7.0.2"
      },
      "engines": {
        "node": ">=v18"
      }
    },
    "node_modules/@commitlint/config-conventional/node_modules/conventional-changelog-conventionalcommits": {
      "version": "7.0.2",
      "resolved": "https://registry.npmjs.org/conventional-changelog-conventionalcommits/-/conventional-changelog-conventionalcommits-7.0.2.tgz",
      "integrity": "sha512-NKXYmMR/Hr1DevQegFB4MwfM5Vv0m4UIxKZTTYuD98lpTknaZlSRrDOG4X7wIXpGkfsYxZTghUN+Qq+T0YQI7w==",
      "dev": true,
      "license": "ISC",
      "dependencies": {
        "compare-func": "^2.0.0"
      },
      "engines": {
        "node": ">=16"
      }
    },
    "node_modules/@commitlint/config-validator": {
      "version": "20.5.0",
      "resolved": "https://registry.npmjs.org/@commitlint/config-validator/-/config-validator-20.5.0.tgz",
      "integrity": "sha512-T/Uh6iJUzyx7j35GmHWdIiGRQB+ouZDk0pwAaYq4SXgB54KZhFdJ0vYmxiW6AMYICTIWuyMxDBl1jK74oFp/Gw==",
      "dev": true,
      "license": "MIT",
      "dependencies": {
        "@commitlint/types": "^20.5.0",
        "ajv": "^8.11.0"
      },
      "engines": {
        "node": ">=v18"
      }
    },
    "node_modules/@commitlint/ensure": {
      "version": "20.5.3",
      "resolved": "https://registry.npmjs.org/@commitlint/ensure/-/ensure-20.5.3.tgz",
      "integrity": "sha512-4i4AgNvH62owG9MwSiWKrle7HGNpBHHdLnWFIp5fTsHUYe5kRuh15t08L/0pdbbrRk8JKXQxxN4hZQcn+szkrw==",
      "dev": true,
      "license": "MIT",
      "dependencies": {
        "@commitlint/types": "^20.5.0",
        "es-toolkit": "^1.46.0"
      },
      "engines": {
        "node": ">=v18"
      }
    },
    "node_modules/@commitlint/execute-rule": {
      "version": "20.0.0",
      "resolved": "https://registry.npmjs.org/@commitlint/execute-rule/-/execute-rule-20.0.0.tgz",
      "integrity": "sha512-xyCoOShoPuPL44gVa+5EdZsBVao/pNzpQhkzq3RdtlFdKZtjWcLlUFQHSWBuhk5utKYykeJPSz2i8ABHQA+ZZw==",
      "dev": true,
      "license": "MIT",
      "engines": {
        "node": ">=v18"
      }
    },
    "node_modules/@commitlint/format": {
      "version": "20.5.0",
      "resolved": "https://registry.npmjs.org/@commitlint/format/-/format-20.5.0.tgz",
      "integrity": "sha512-TI9EwFU/qZWSK7a5qyXMpKPPv3qta7FO4tKW+Wt2al7sgMbLWTsAcDpX1cU8k16TRdsiiet9aOw0zpvRXNJu7Q==",
      "dev": true,
      "license": "MIT",
      "dependencies": {
        "@commitlint/types": "^20.5.0",
        "picocolors": "^1.1.1"
      },
      "engines": {
        "node": ">=v18"
      }
    },
    "node_modules/@commitlint/is-ignored": {
      "version": "20.5.0",
      "resolved": "https://registry.npmjs.org/@commitlint/is-ignored/-/is-ignored-20.5.0.tgz",
      "integrity": "sha512-JWLarAsurHJhPozbuAH6GbP4p/hdOCoqS9zJMfqwswne+/GPs5V0+rrsfOkP68Y8PSLphwtFXV0EzJ+GTXTTGg==",
      "dev": true,
      "license": "MIT",
      "dependencies": {
        "@commitlint/types": "^20.5.0",
        "semver": "^7.6.0"
      },
      "engines": {
        "node": ">=v18"
      }
    },
    "node_modules/@commitlint/lint": {
      "version": "20.5.3",
      "resolved": "https://registry.npmjs.org/@commitlint/lint/-/lint-20.5.3.tgz",
      "integrity": "sha512-M7JbWBNr2gXKaPc4i/KipsuW1gkDHpj35KPjWtKy3Z+2AQw5wu1gBi1LIO0uoaij67CqY4K8PxPZSGens4evCw==",
      "dev": true,
      "license": "MIT",
      "dependencies": {
        "@commitlint/is-ignored": "^20.5.0",
        "@commitlint/parse": "^20.5.0",
        "@commitlint/rules": "^20.5.3",
        "@commitlint/types": "^20.5.0"
      },
      "engines": {
        "node": ">=v18"
      }
    },
    "node_modules/@commitlint/load": {
      "version": "20.5.3",
      "resolved": "https://registry.npmjs.org/@commitlint/load/-/load-20.5.3.tgz",
      "integrity": "sha512-1FDZWuKyu98Myb8i7Tp31jPU2rZpOwAdYRyJcy2KoGg7Xk2A+bgHN8smhMaaNSNkmE8fwt53BokywZq8Gv/5XQ==",
      "dev": true,
      "license": "MIT",
      "dependencies": {
        "@commitlint/config-validator": "^20.5.0",
        "@commitlint/execute-rule": "^20.0.0",
        "@commitlint/resolve-extends": "^20.5.3",
        "@commitlint/types": "^20.5.0",
        "cosmiconfig": "^9.0.1",
        "cosmiconfig-typescript-loader": "^6.1.0",
        "es-toolkit": "^1.46.0",
        "is-plain-obj": "^4.1.0",
        "picocolors": "^1.1.1"
      },
      "engines": {
        "node": ">=v18"
      }
    },
    "node_modules/@commitlint/message": {
      "version": "20.4.3",
      "resolved": "https://registry.npmjs.org/@commitlint/message/-/message-20.4.3.tgz",
      "integrity": "sha512-6akwCYrzcrFcTYz9GyUaWlhisY4lmQ3KvrnabmhoeAV8nRH4dXJAh4+EUQ3uArtxxKQkvxJS78hNX2EU3USgxQ==",
      "dev": true,
      "license": "MIT",
      "engines": {
        "node": ">=v18"
      }
    },
    "node_modules/@commitlint/parse": {
      "version": "20.5.0",
      "resolved": "https://registry.npmjs.org/@commitlint/parse/-/parse-20.5.0.tgz",
      "integrity": "sha512-SeKWHBMk7YOTnnEWUhx+d1a9vHsjjuo6Uo1xRfPNfeY4bdYFasCH1dDpAv13Lyn+dDPOels+jP6D2GRZqzc5fA==",
      "dev": true,
      "license": "MIT",
      "dependencies": {
        "@commitlint/types": "^20.5.0",
        "conventional-changelog-angular": "^8.2.0",
        "conventional-commits-parser": "^6.3.0"
      },
      "engines": {
        "node": ">=v18"
      }
    },
    "node_modules/@commitlint/read": {
      "version": "20.5.0",
      "resolved": "https://registry.npmjs.org/@commitlint/read/-/read-20.5.0.tgz",
      "integrity": "sha512-JDEIJ2+GnWpK8QqwfmW7O42h0aycJEWNqcdkJnyzLD11nf9dW2dWLTVEa8Wtlo4IZFGLPATjR5neA5QlOvIH1w==",
      "dev": true,
      "license": "MIT",
      "dependencies": {
        "@commitlint/top-level": "^20.4.3",
        "@commitlint/types": "^20.5.0",
        "git-raw-commits": "^5.0.0",
        "minimist": "^1.2.8",
        "tinyexec": "^1.0.0"
      },
      "engines": {
        "node": ">=v18"
      }
    },
    "node_modules/@commitlint/resolve-extends": {
      "version": "20.5.3",
      "resolved": "https://registry.npmjs.org/@commitlint/resolve-extends/-/resolve-extends-20.5.3.tgz",
      "integrity": "sha512-+ogW9v/u9JqpvAgTrLra/YTFo0KkjU6iNblF89pPsj4NebNc+DAWctsludwezI8YnsjBmfHpApSwcXprN/f/ew==",
      "dev": true,
      "license": "MIT",
      "dependencies": {
        "@commitlint/config-validator": "^20.5.0",
        "@commitlint/types": "^20.5.0",
        "es-toolkit": "^1.46.0",
        "global-directory": "^5.0.0",
        "import-meta-resolve": "^4.0.0",
        "resolve-from": "^5.0.0"
      },
      "engines": {
        "node": ">=v18"
      }
    },
    "node_modules/@commitlint/rules": {
      "version": "20.5.3",
      "resolved": "https://registry.npmjs.org/@commitlint/rules/-/rules-20.5.3.tgz",
      "integrity": "sha512-MPlMnb9D3wbszYMp+1hPtuhtPJndRo6I6yfkZVA4+jR8w7Kqp0u2u/Y+gzbaItx5Lltq5rw7FSZQWJMoXUC4NQ==",
      "dev": true,
      "license": "MIT",
      "dependencies": {
        "@commitlint/ensure": "^20.5.3",
        "@commitlint/message": "^20.4.3",
        "@commitlint/to-lines": "^20.0.0",
        "@commitlint/types": "^20.5.0"
      },
      "engines": {
        "node": ">=v18"
      }
    },
    "node_modules/@commitlint/to-lines": {
      "version": "20.0.0",
      "resolved": "https://registry.npmjs.org/@commitlint/to-lines/-/to-lines-20.0.0.tgz",
      "integrity": "sha512-2l9gmwiCRqZNWgV+pX1X7z4yP0b3ex/86UmUFgoRt672Ez6cAM2lOQeHFRUTuE6sPpi8XBCGnd8Kh3bMoyHwJw==",
      "dev": true,
      "license": "MIT",
      "engines": {
        "node": ">=v18"
      }
    },
    "node_modules/@commitlint/top-level": {
      "version": "20.4.3",
      "resolved": "https://registry.npmjs.org/@commitlint/top-level/-/top-level-20.4.3.tgz",
      "integrity": "sha512-qD9xfP6dFg5jQ3NMrOhG0/w5y3bBUsVGyJvXxdWEwBm8hyx4WOk3kKXw28T5czBYvyeCVJgJJ6aoJZUWDpaacQ==",
      "dev": true,
      "license": "MIT",
      "dependencies": {
        "escalade": "^3.2.0"
      },
      "engines": {
        "node": ">=v18"
      }
    },
    "node_modules/@commitlint/types": {
      "version": "20.5.0",
      "resolved": "https://registry.npmjs.org/@commitlint/types/-/types-20.5.0.tgz",
      "integrity": "sha512-ZJoS8oSq2CAZEpc/YI9SulLrdiIyXeHb/OGqGrkUP6Q7YV+0ouNAa7GjqRdXeQPncHQIDz/jbCTlHScvYvO/gA==",
      "dev": true,
      "license": "MIT",
      "dependencies": {
        "conventional-commits-parser": "^6.3.0",
        "picocolors": "^1.1.1"
      },
      "engines": {
        "node": ">=v18"
      }
    },
    "node_modules/@conventional-changelog/git-client": {
      "version": "2.7.0",
      "resolved": "https://registry.npmjs.org/@conventional-changelog/git-client/-/git-client-2.7.0.tgz",
      "integrity": "sha512-j7A8/LBEQ+3rugMzPXoKYzyUPpw/0CBQCyvtTR7Lmu4olG4yRC/Tfkq79Mr3yuPs0SUitlO2HwGP3gitMJnRFw==",
      "dev": true,
      "license": "MIT",
      "dependencies": {
        "@simple-libs/child-process-utils": "^1.0.0",
        "@simple-libs/stream-utils": "^1.2.0",
        "semver": "^7.5.2"
      },
      "engines": {
        "node": ">=18"
      },
      "peerDependencies": {
        "conventional-commits-filter": "^5.0.0",
        "conventional-commits-parser": "^6.4.0"
      },
      "peerDependenciesMeta": {
        "conventional-commits-filter": {
          "optional": true
        },
        "conventional-commits-parser": {
          "optional": true
        }
      }
    },
    "node_modules/@simple-libs/child-process-utils": {
      "version": "1.0.2",
      "resolved": "https://registry.npmjs.org/@simple-libs/child-process-utils/-/child-process-utils-1.0.2.tgz",
      "integrity": "sha512-/4R8QKnd/8agJynkNdJmNw2MBxuFTRcNFnE5Sg/G+jkSsV8/UBgULMzhizWWW42p8L5H7flImV2ATi79Ove2Tw==",
      "dev": true,
      "license": "MIT",
      "dependencies": {
        "@simple-libs/stream-utils": "^1.2.0"
      },
      "engines": {
        "node": ">=18"
      },
      "funding": {
        "url": "https://ko-fi.com/dangreen"
      }
    },
    "node_modules/@simple-libs/stream-utils": {
      "version": "1.2.0",
      "resolved": "https://registry.npmjs.org/@simple-libs/stream-utils/-/stream-utils-1.2.0.tgz",
      "integrity": "sha512-KxXvfapcixpz6rVEB6HPjOUZT22yN6v0vI0urQSk1L8MlEWPDFCZkhw2xmkyoTGYeFw7tWTZd7e3lVzRZRN/EA==",
      "dev": true,
      "license": "MIT",
      "engines": {
        "node": ">=18"
      },
      "funding": {
        "url": "https://ko-fi.com/dangreen"
      }
    },
    "node_modules/@types/node": {
      "version": "25.9.3",
      "resolved": "https://registry.npmjs.org/@types/node/-/node-25.9.3.tgz",
      "integrity": "sha512-603BddQMv3pUcr4U2dhujk83N2tTDVr/34wII2B6bJy6g+8WD6yUb11jszNs0gdi4PesVWl7ABt8nYMVpnLUcg==",
      "dev": true,
      "license": "MIT",
      "peer": true,
      "dependencies": {
        "undici-types": ">=7.24.0 <7.24.7"
      }
    },
    "node_modules/ajv": {
      "version": "8.20.0",
      "resolved": "https://registry.npmjs.org/ajv/-/ajv-8.20.0.tgz",
      "integrity": "sha512-Thbli+OlOj+iMPYFBVBfJ3OmCAnaSyNn4M1vz9T6Gka5Jt9ba/HIR56joy65tY6kx/FCF5VXNB819Y7/GUrBGA==",
      "dev": true,
      "license": "MIT",
      "dependencies": {
        "fast-deep-equal": "^3.1.3",
        "fast-uri": "^3.0.1",
        "json-schema-traverse": "^1.0.0",
        "require-from-string": "^2.0.2"
      },
      "funding": {
        "type": "github",
        "url": "https://github.com/sponsors/epoberezkin"
      }
    },
    "node_modules/ansi-regex": {
      "version": "5.0.1",
      "resolved": "https://registry.npmjs.org/ansi-regex/-/ansi-regex-5.0.1.tgz",
      "integrity": "sha512-quJQXlTSUGL2LH9SUXo8VwsY4soanhgo6LNSm84E1LBcE8s3O0wpdiRzyR9z/ZZJMlMWv37qOOb9pdJlMUEKFQ==",
      "dev": true,
      "license": "MIT",
      "engines": {
        "node": ">=8"
      }
    },
    "node_modules/ansi-styles": {
      "version": "4.3.0",
      "resolved": "https://registry.npmjs.org/ansi-styles/-/ansi-styles-4.3.0.tgz",
      "integrity": "sha512-zbB9rCJAT1rbjiVDb2hqKFHNYLxgtk8NURxZ3IZwD3F6NtxbXZQCnnSi1Lkx+IDohdPlFp222wVALIheZJQSEg==",
      "dev": true,
      "license": "MIT",
      "dependencies": {
        "color-convert": "^2.0.1"
      },
      "engines": {
        "node": ">=8"
      },
      "funding": {
        "url": "https://github.com/chalk/ansi-styles?sponsor=1"
      }
    },
    "node_modules/argparse": {
      "version": "2.0.1",
      "resolved": "https://registry.npmjs.org/argparse/-/argparse-2.0.1.tgz",
      "integrity": "sha512-8+9WqebbFzpX9OR+Wa6O29asIogeRMzcGtAINdpMHHyAg10f05aSFVBbcEqGf/PXw1EjAZ+q2/bEBg3DvurK3Q==",
      "dev": true,
      "license": "Python-2.0"
    },
    "node_modules/array-ify": {
      "version": "1.0.0",
      "resolved": "https://registry.npmjs.org/array-ify/-/array-ify-1.0.0.tgz",
      "integrity": "sha512-c5AMf34bKdvPhQ7tBGhqkgKNUzMr4WUs+WDtC2ZUGOUncbxKMTvqxYctiseW3+L4bA8ec+GcZ6/A/FW4m8ukng==",
      "dev": true,
      "license": "MIT"
    },
    "node_modules/callsites": {
      "version": "3.1.0",
      "resolved": "https://registry.npmjs.org/callsites/-/callsites-3.1.0.tgz",
      "integrity": "sha512-P8BjAsXvZS+VIDUI11hHCQEv74YT67YUi5JJFNWIqL235sBmjX4+qx9Muvls5ivyNENctx46xQLQ3aTuE7ssaQ==",
      "dev": true,
      "license": "MIT",
      "engines": {
        "node": ">=6"
      }
    },
    "node_modules/cliui": {
      "version": "8.0.1",
      "resolved": "https://registry.npmjs.org/cliui/-/cliui-8.0.1.tgz",
      "integrity": "sha512-BSeNnyus75C4//NQ9gQt1/csTXyo/8Sb+afLAkzAptFuMsod9HFokGNudZpi/oQV73hnVK+sR+5PVRMd+Dr7YQ==",
      "dev": true,
      "license": "ISC",
      "dependencies": {
        "string-width": "^4.2.0",
        "strip-ansi": "^6.0.1",
        "wrap-ansi": "^7.0.0"
      },
      "engines": {
        "node": ">=12"
      }
    },
    "node_modules/color-convert": {
      "version": "2.0.1",
      "resolved": "https://registry.npmjs.org/color-convert/-/color-convert-2.0.1.tgz",
      "integrity": "sha512-RRECPsj7iu/xb5oKYcsFHSppFNnsj/52OVTRKb4zP5onXwVF3zVmmToNcOfGC+CRDpfK/U584fMg38ZHCaElKQ==",
      "dev": true,
      "license": "MIT",
      "dependencies": {
        "color-name": "~1.1.4"
      },
      "engines": {
        "node": ">=7.0.0"
      }
    },
    "node_modules/color-name": {
      "version": "1.1.4",
      "resolved": "https://registry.npmjs.org/color-name/-/color-name-1.1.4.tgz",
      "integrity": "sha512-dOy+3AuW3a2wNbZHIuMZpTcgjGuLU/uBL/ubcZF9OXbDo8ff4O8yVp5Bf0efS8uEoYo5q4Fx7dY9OgQGXgAsQA==",
      "dev": true,
      "license": "MIT"
    },
    "node_modules/commitlint": {
      "version": "20.2.0",
      "resolved": "https://registry.npmjs.org/commitlint/-/commitlint-20.2.0.tgz",
      "integrity": "sha512-AxjKCK4PVgd3RD9MzW3nSVR6DfJPXqRi2n9Gkyq1tPrJNxq0WWqLBhHKOcwXvVCMJjameyeALV2xbYYDHlL5fg==",
      "dev": true,
      "license": "MIT",
      "dependencies": {
        "@commitlint/cli": "^20.2.0",
        "@commitlint/types": "^20.2.0"
      },
      "bin": {
        "commitlint": "cli.js"
      },
      "engines": {
        "node": ">=v18"
      }
    },
    "node_modules/compare-func": {
      "version": "2.0.0",
      "resolved": "https://registry.npmjs.org/compare-func/-/compare-func-2.0.0.tgz",
      "integrity": "sha512-zHig5N+tPWARooBnb0Zx1MFcdfpyJrfTJ3Y5L+IFvUm8rM74hHz66z0gw0x4tijh5CorKkKUCnW82R2vmpeCRA==",
      "dev": true,
      "license": "MIT",
      "dependencies": {
        "array-ify": "^1.0.0",
        "dot-prop": "^5.1.0"
      }
    },
    "node_modules/conventional-changelog-angular": {
      "version": "8.3.1",
      "resolved": "https://registry.npmjs.org/conventional-changelog-angular/-/conventional-changelog-angular-8.3.1.tgz",
      "integrity": "sha512-6gfI3otXK5Ph5DfCOI1dblr+kN3FAm5a97hYoQkqNZxOaYa5WKfXH+AnpsmS+iUH2mgVC2Cg2Qw9m5OKcmNrIg==",
      "dev": true,
      "license": "ISC",
      "dependencies": {
        "compare-func": "^2.0.0"
      },
      "engines": {
        "node": ">=18"
      }
    },
    "node_modules/conventional-changelog-conventionalcommits": {
      "version": "9.1.0",
      "resolved": "https://registry.npmjs.org/conventional-changelog-conventionalcommits/-/conventional-changelog-conventionalcommits-9.1.0.tgz",
      "integrity": "sha512-MnbEysR8wWa8dAEvbj5xcBgJKQlX/m0lhS8DsyAAWDHdfs2faDJxTgzRYlRYpXSe7UiKrIIlB4TrBKU9q9DgkA==",
      "dev": true,
      "license": "ISC",
      "dependencies": {
        "compare-func": "^2.0.0"
      },
      "engines": {
        "node": ">=18"
      }
    },
    "node_modules/conventional-commits-parser": {
      "version": "6.4.0",
      "resolved": "https://registry.npmjs.org/conventional-commits-parser/-/conventional-commits-parser-6.4.0.tgz",
      "integrity": "sha512-tvRg7FIBNlyPzjdG8wWRlPHQJJHI7DylhtRGeU9Lq+JuoPh5BKpPRX83ZdLrvXuOSu5Eo/e7SzOQhU4Hd2Miuw==",
      "dev": true,
      "license": "MIT",
      "dependencies": {
        "@simple-libs/stream-utils": "^1.2.0",
        "meow": "^13.0.0"
      },
      "bin": {
        "conventional-commits-parser": "dist/cli/index.js"
      },
      "engines": {
        "node": ">=18"
      }
    },
    "node_modules/cosmiconfig": {
      "version": "9.0.2",
      "resolved": "https://registry.npmjs.org/cosmiconfig/-/cosmiconfig-9.0.2.tgz",
      "integrity": "sha512-gtTZxTDau1wL7Y7zifc2dd8jHSK/k6BTx/2Xp/BpdlAdnlYWFVt7qhJqgwi7637yRwRQ3qL4ZidbB4I8tA5VOg==",
      "dev": true,
      "license": "MIT",
      "dependencies": {
        "env-paths": "^2.2.1",
        "import-fresh": "^3.3.0",
        "js-yaml": "^4.1.0",
        "parse-json": "^5.2.0"
      },
      "engines": {
        "node": ">=14"
      },
      "funding": {
        "url": "https://github.com/sponsors/d-fischer"
      },
      "peerDependencies": {
        "typescript": ">=4.9.5"
      },
      "peerDependenciesMeta": {
        "typescript": {
          "optional": true
        }
      }
    },
    "node_modules/cosmiconfig-typescript-loader": {
      "version": "6.3.0",
      "resolved": "https://registry.npmjs.org/cosmiconfig-typescript-loader/-/cosmiconfig-typescript-loader-6.3.0.tgz",
      "integrity": "sha512-Akr82WH1Wfqatyiqpj8HDkO2o2KmJRu1FhKfSNJP3K4IdXwHfEyL7MOb62i1AGQVLtIQM+iCE9CGOtrfhR+mmA==",
      "dev": true,
      "license": "MIT",
      "dependencies": {
        "jiti": "2.6.1"
      },
      "engines": {
        "node": ">=v18"
      },
      "peerDependencies": {
        "@types/node": "*",
        "cosmiconfig": ">=9",
        "typescript": ">=5"
      }
    },
    "node_modules/dot-prop": {
      "version": "5.3.0",
      "resolved": "https://registry.npmjs.org/dot-prop/-/dot-prop-5.3.0.tgz",
      "integrity": "sha512-QM8q3zDe58hqUqjraQOmzZ1LIH9SWQJTlEKCH4kJ2oQvLZk7RbQXvtDM2XEq3fwkV9CCvvH4LA0AV+ogFsBM2Q==",
      "dev": true,
      "license": "MIT",
      "dependencies": {
        "is-obj": "^2.0.0"
      },
      "engines": {
        "node": ">=8"
      }
    },
    "node_modules/emoji-regex": {
      "version": "8.0.0",
      "resolved": "https://registry.npmjs.org/emoji-regex/-/emoji-regex-8.0.0.tgz",
      "integrity": "sha512-MSjYzcWNOA0ewAHpz0MxpYFvwg6yjy1NG3xteoqz644VCo/RPgnr1/GGt+ic3iJTzQ8Eu3TdM14SawnVUmGE6A==",
      "dev": true,
      "license": "MIT"
    },
    "node_modules/env-paths": {
      "version": "2.2.1",
      "resolved": "https://registry.npmjs.org/env-paths/-/env-paths-2.2.1.tgz",
      "integrity": "sha512-+h1lkLKhZMTYjog1VEpJNG7NZJWcuc2DDk/qsqSTRRCOXiLjeQ1d1/udrUGhqMxUgAlwKNZ0cf2uqan5GLuS2A==",
      "dev": true,
      "license": "MIT",
      "engines": {
        "node": ">=6"
      }
    },
    "node_modules/error-ex": {
      "version": "1.3.4",
      "resolved": "https://registry.npmjs.org/error-ex/-/error-ex-1.3.4.tgz",
      "integrity": "sha512-sqQamAnR14VgCr1A618A3sGrygcpK+HEbenA/HiEAkkUwcZIIB/tgWqHFxWgOyDh4nB4JCRimh79dR5Ywc9MDQ==",
      "dev": true,
      "license": "MIT",
      "dependencies": {
        "is-arrayish": "^0.2.1"
      }
    },
    "node_modules/es-toolkit": {
      "version": "1.47.1",
      "resolved": "https://registry.npmjs.org/es-toolkit/-/es-toolkit-1.47.1.tgz",
      "integrity": "sha512-5RAqEwf4P4E17p+W75KLOWw/nOvKZzSQpxM32IpI2KZLaVonjTrZ0Ai5ghMaVI9eKC2p8eoQgcBdkEDgzFk6+Q==",
      "dev": true,
      "license": "MIT",
      "workspaces": [
        "docs",
        "benchmarks"
      ]
    },
    "node_modules/escalade": {
      "version": "3.2.0",
      "resolved": "https://registry.npmjs.org/escalade/-/escalade-3.2.0.tgz",
      "integrity": "sha512-WUj2qlxaQtO4g6Pq5c29GTcWGDyd8itL8zTlipgECz3JesAiiOKotd8JU6otB3PACgG6xkJUyVhboMS+bje/jA==",
      "dev": true,
      "license": "MIT",
      "engines": {
        "node": ">=6"
      }
    },
    "node_modules/fast-deep-equal": {
      "version": "3.1.3",
      "resolved": "https://registry.npmjs.org/fast-deep-equal/-/fast-deep-equal-3.1.3.tgz",
      "integrity": "sha512-f3qQ9oQy9j2AhBe/H9VC91wLmKBCCU/gDOnKNAYG5hswO7BLKj09Hc5HYNz9cGI++xlpDCIgDaitVs03ATR84Q==",
      "dev": true,
      "license": "MIT"
    },
    "node_modules/fast-uri": {
      "version": "3.1.2",
      "resolved": "https://registry.npmjs.org/fast-uri/-/fast-uri-3.1.2.tgz",
      "integrity": "sha512-rVjf7ArG3LTk+FS6Yw81V1DLuZl1bRbNrev6Tmd/9RaroeeRRJhAt7jg/6YFxbvAQXUCavSoZhPPj6oOx+5KjQ==",
      "dev": true,
      "funding": [
        {
          "type": "github",
          "url": "https://github.com/sponsors/fastify"
        },
        {
          "type": "opencollective",
          "url": "https://opencollective.com/fastify"
        }
      ],
      "license": "BSD-3-Clause"
    },
    "node_modules/get-caller-file": {
      "version": "2.0.5",
      "resolved": "https://registry.npmjs.org/get-caller-file/-/get-caller-file-2.0.5.tgz",
      "integrity": "sha512-DyFP3BM/3YHTQOCUL/w0OZHR0lpKeGrxotcHWcqNEdnltqFwXVfhEBQ94eIo34AfQpo0rGki4cyIiftY06h2Fg==",
      "dev": true,
      "license": "ISC",
      "engines": {
        "node": "6.* || 8.* || >= 10.*"
      }
    },
    "node_modules/git-raw-commits": {
      "version": "5.0.1",
      "resolved": "https://registry.npmjs.org/git-raw-commits/-/git-raw-commits-5.0.1.tgz",
      "integrity": "sha512-Y+csSm2GD/PCSh6Isd/WiMjNAydu0VBiG9J7EdQsNA5P9uXvLayqjmTsNlK5Gs9IhblFZqOU0yid5Il5JPoLiQ==",
      "dev": true,
      "license": "MIT",
      "dependencies": {
        "@conventional-changelog/git-client": "^2.6.0",
        "meow": "^13.0.0"
      },
      "bin": {
        "git-raw-commits": "src/cli.js"
      },
      "engines": {
        "node": ">=18"
      }
    },
    "node_modules/global-directory": {
      "version": "5.0.0",
      "resolved": "https://registry.npmjs.org/global-directory/-/global-directory-5.0.0.tgz",
      "integrity": "sha512-1pgFdhK3J2LeM+dVf2Pd424yHx2ou338lC0ErNP2hPx4j8eW1Sp0XqSjNxtk6Tc4Kr5wlWtSvz8cn2yb7/SG/w==",
      "dev": true,
      "license": "MIT",
      "dependencies": {
        "ini": "6.0.0"
      },
      "engines": {
        "node": ">=20"
      },
      "funding": {
        "url": "https://github.com/sponsors/sindresorhus"
      }
    },
    "node_modules/import-fresh": {
      "version": "3.3.1",
      "resolved": "https://registry.npmjs.org/import-fresh/-/import-fresh-3.3.1.tgz",
      "integrity": "sha512-TR3KfrTZTYLPB6jUjfx6MF9WcWrHL9su5TObK4ZkYgBdWKPOFoSoQIdEuTuR82pmtxH2spWG9h6etwfr1pLBqQ==",
      "dev": true,
      "license": "MIT",
      "dependencies": {
        "parent-module": "^1.0.0",
        "resolve-from": "^4.0.0"
      },
      "engines": {
        "node": ">=6"
      },
      "funding": {
        "url": "https://github.com/sponsors/sindresorhus"
      }
    },
    "node_modules/import-fresh/node_modules/resolve-from": {
      "version": "4.0.0",
      "resolved": "https://registry.npmjs.org/resolve-from/-/resolve-from-4.0.0.tgz",
      "integrity": "sha512-pb/MYmXstAkysRFx8piNI1tGFNQIFA3vkE3Gq4EuA1dF6gHp/+vgZqsCGJapvy8N3Q+4o7FwvquPJcnZ7RYy4g==",
      "dev": true,
      "license": "MIT",
      "engines": {
        "node": ">=4"
      }
    },
    "node_modules/import-meta-resolve": {
      "version": "4.2.0",
      "resolved": "https://registry.npmjs.org/import-meta-resolve/-/import-meta-resolve-4.2.0.tgz",
      "integrity": "sha512-Iqv2fzaTQN28s/FwZAoFq0ZSs/7hMAHJVX+w8PZl3cY19Pxk6jFFalxQoIfW2826i/fDLXv8IiEZRIT0lDuWcg==",
      "dev": true,
      "license": "MIT",
      "funding": {
        "type": "github",
        "url": "https://github.com/sponsors/wooorm"
      }
    },
    "node_modules/ini": {
      "version": "6.0.0",
      "resolved": "https://registry.npmjs.org/ini/-/ini-6.0.0.tgz",
      "integrity": "sha512-IBTdIkzZNOpqm7q3dRqJvMaldXjDHWkEDfrwGEQTs5eaQMWV+djAhR+wahyNNMAa+qpbDUhBMVt4ZKNwpPm7xQ==",
      "dev": true,
      "license": "ISC",
      "engines": {
        "node": "^20.17.0 || >=22.9.0"
      }
    },
    "node_modules/is-arrayish": {
      "version": "0.2.1",
      "resolved": "https://registry.npmjs.org/is-arrayish/-/is-arrayish-0.2.1.tgz",
      "integrity": "sha512-zz06S8t0ozoDXMG+ube26zeCTNXcKIPJZJi8hBrF4idCLms4CG9QtK7qBl1boi5ODzFpjswb5JPmHCbMpjaYzg==",
      "dev": true,
      "license": "MIT"
    },
    "node_modules/is-fullwidth-code-point": {
      "version": "3.0.0",
      "resolved": "https://registry.npmjs.org/is-fullwidth-code-point/-/is-fullwidth-code-point-3.0.0.tgz",
      "integrity": "sha512-zymm5+u+sCsSWyD9qNaejV3DFvhCKclKdizYaJUuHA83RLjb7nSuGnddCHGv0hk+KY7BMAlsWeK4Ueg6EV6XQg==",
      "dev": true,
      "license": "MIT",
      "engines": {
        "node": ">=8"
      }
    },
    "node_modules/is-obj": {
      "version": "2.0.0",
      "resolved": "https://registry.npmjs.org/is-obj/-/is-obj-2.0.0.tgz",
      "integrity": "sha512-drqDG3cbczxxEJRoOXcOjtdp1J/lyp1mNn0xaznRs8+muBhgQcrnbspox5X5fOw0HnMnbfDzvnEMEtqDEJEo8w==",
      "dev": true,
      "license": "MIT",
      "engines": {
        "node": ">=8"
      }
    },
    "node_modules/is-plain-obj": {
      "version": "4.1.0",
      "resolved": "https://registry.npmjs.org/is-plain-obj/-/is-plain-obj-4.1.0.tgz",
      "integrity": "sha512-+Pgi+vMuUNkJyExiMBt5IlFoMyKnr5zhJ4Uspz58WOhBF5QoIZkFyNHIbBAtHwzVAgk5RtndVNsDRN61/mmDqg==",
      "dev": true,
      "license": "MIT",
      "engines": {
        "node": ">=12"
      },
      "funding": {
        "url": "https://github.com/sponsors/sindresorhus"
      }
    },
    "node_modules/jiti": {
      "version": "2.6.1",
      "resolved": "https://registry.npmjs.org/jiti/-/jiti-2.6.1.tgz",
      "integrity": "sha512-ekilCSN1jwRvIbgeg/57YFh8qQDNbwDb9xT/qu2DAHbFFZUicIl4ygVaAvzveMhMVr3LnpSKTNnwt8PoOfmKhQ==",
      "dev": true,
      "license": "MIT",
      "bin": {
        "jiti": "lib/jiti-cli.mjs"
      }
    },
    "node_modules/js-tokens": {
      "version": "4.0.0",
      "resolved": "https://registry.npmjs.org/js-tokens/-/js-tokens-4.0.0.tgz",
      "integrity": "sha512-RdJUflcE3cUzKiMqQgsCu06FPu9UdIJO0beYbPhHN4k6apgJtifcoCtT9bcxOpYBtpD2kCM6Sbzg4CausW/PKQ==",
      "dev": true,
      "license": "MIT"
    },
    "node_modules/js-yaml": {
      "version": "4.2.0",
      "resolved": "https://registry.npmjs.org/js-yaml/-/js-yaml-4.2.0.tgz",
      "integrity": "sha512-ePWsvanv0DWuDRsW8dnt+R4jQ31SCRCQ7hhNcPXZPsoBZiemuZNYGf7adZdqX2D86j6rvKp3RpCxVTSb8WQlOw==",
      "dev": true,
      "funding": [
        {
          "type": "github",
          "url": "https://github.com/sponsors/puzrin"
        },
        {
          "type": "github",
          "url": "https://github.com/sponsors/nodeca"
        }
      ],
      "license": "MIT",
      "dependencies": {
        "argparse": "^2.0.1"
      },
      "bin": {
        "js-yaml": "bin/js-yaml.js"
      }
    },
    "node_modules/json-parse-even-better-errors": {
      "version": "2.3.1",
      "resolved": "https://registry.npmjs.org/json-parse-even-better-errors/-/json-parse-even-better-errors-2.3.1.tgz",
      "integrity": "sha512-xyFwyhro/JEof6Ghe2iz2NcXoj2sloNsWr/XsERDK/oiPCfaNhl5ONfp+jQdAZRQQ0IJWNzH9zIZF7li91kh2w==",
      "dev": true,
      "license": "MIT"
    },
    "node_modules/json-schema-traverse": {
      "version": "1.0.0",
      "resolved": "https://registry.npmjs.org/json-schema-traverse/-/json-schema-traverse-1.0.0.tgz",
      "integrity": "sha512-NM8/P9n3XjXhIZn1lLhkFaACTOURQXjWhV4BA/RnOv8xvgqtqpAX9IO4mRQxSx1Rlo4tqzeqb0sOlruaOy3dug==",
      "dev": true,
      "license": "MIT"
    },
    "node_modules/lines-and-columns": {
      "version": "1.2.4",
      "resolved": "https://registry.npmjs.org/lines-and-columns/-/lines-and-columns-1.2.4.tgz",
      "integrity": "sha512-7ylylesZQ/PV29jhEDl3Ufjo6ZX7gCqJr5F7PKrqc93v7fzSymt1BpwEU8nAUXs8qzzvqhbjhK5QZg6Mt/HkBg==",
      "dev": true,
      "license": "MIT"
    },
    "node_modules/meow": {
      "version": "13.2.0",
      "resolved": "https://registry.npmjs.org/meow/-/meow-13.2.0.tgz",
      "integrity": "sha512-pxQJQzB6djGPXh08dacEloMFopsOqGVRKFPYvPOt9XDZ1HasbgDZA74CJGreSU4G3Ak7EFJGoiH2auq+yXISgA==",
      "dev": true,
      "license": "MIT",
      "engines": {
        "node": ">=18"
      },
      "funding": {
        "url": "https://github.com/sponsors/sindresorhus"
      }
    },
    "node_modules/minimist": {
      "version": "1.2.8",
      "resolved": "https://registry.npmjs.org/minimist/-/minimist-1.2.8.tgz",
      "integrity": "sha512-2yyAR8qBkN3YuheJanUpWC5U3bb5osDywNB8RzDVlDwDHbocAJveqqj1u8+SVD7jkWT4yvsHCpWqqWqAxb0zCA==",
      "dev": true,
      "license": "MIT",
      "funding": {
        "url": "https://github.com/sponsors/ljharb"
      }
    },
    "node_modules/parent-module": {
      "version": "1.0.1",
      "resolved": "https://registry.npmjs.org/parent-module/-/parent-module-1.0.1.tgz",
      "integrity": "sha512-GQ2EWRpQV8/o+Aw8YqtfZZPfNRWZYkbidE9k5rpl/hC3vtHHBfGm2Ifi6qWV+coDGkrUKZAxE3Lot5kcsRlh+g==",
      "dev": true,
      "license": "MIT",
      "dependencies": {
        "callsites": "^3.0.0"
      },
      "engines": {
        "node": ">=6"
      }
    },
    "node_modules/parse-json": {
      "version": "5.2.0",
      "resolved": "https://registry.npmjs.org/parse-json/-/parse-json-5.2.0.tgz",
      "integrity": "sha512-ayCKvm/phCGxOkYRSCM82iDwct8/EonSEgCSxWxD7ve6jHggsFl4fZVQBPRNgQoKiuV/odhFrGzQXZwbifC8Rg==",
      "dev": true,
      "license": "MIT",
      "dependencies": {
        "@babel/code-frame": "^7.0.0",
        "error-ex": "^1.3.1",
        "json-parse-even-better-errors": "^2.3.0",
        "lines-and-columns": "^1.1.6"
      },
      "engines": {
        "node": ">=8"
      },
      "funding": {
        "url": "https://github.com/sponsors/sindresorhus"
      }
    },
    "node_modules/picocolors": {
      "version": "1.1.1",
      "resolved": "https://registry.npmjs.org/picocolors/-/picocolors-1.1.1.tgz",
      "integrity": "sha512-xceH2snhtb5M9liqDsmEw56le376mTZkEX/jEb/RxNFyegNul7eNslCXP9FDj/Lcu0X8KEyMceP2ntpaHrDEVA==",
      "dev": true,
      "license": "ISC"
    },
    "node_modules/require-directory": {
      "version": "2.1.1",
      "resolved": "https://registry.npmjs.org/require-directory/-/require-directory-2.1.1.tgz",
      "integrity": "sha512-fGxEI7+wsG9xrvdjsrlmL22OMTTiHRwAMroiEeMgq8gzoLC/PQr7RsRDSTLUg/bZAZtF+TVIkHc6/4RIKrui+Q==",
      "dev": true,
      "license": "MIT",
      "engines": {
        "node": ">=0.10.0"
      }
    },
    "node_modules/require-from-string": {
      "version": "2.0.2",
      "resolved": "https://registry.npmjs.org/require-from-string/-/require-from-string-2.0.2.tgz",
      "integrity": "sha512-Xf0nWe6RseziFMu+Ap9biiUbmplq6S9/p+7w7YXP/JBHhrUDDUhwa+vANyubuqfZWTveU//DYVGsDG7RKL/vEw==",
      "dev": true,
      "license": "MIT",
      "engines": {
        "node": ">=0.10.0"
      }
    },
    "node_modules/resolve-from": {
      "version": "5.0.0",
      "resolved": "https://registry.npmjs.org/resolve-from/-/resolve-from-5.0.0.tgz",
      "integrity": "sha512-qYg9KP24dD5qka9J47d0aVky0N+b4fTU89LN9iDnjB5waksiC49rvMB0PrUJQGoTmH50XPiqOvAjDfaijGxYZw==",
      "dev": true,
      "license": "MIT",
      "engines": {
        "node": ">=8"
      }
    },
    "node_modules/semver": {
      "version": "7.8.4",
      "resolved": "https://registry.npmjs.org/semver/-/semver-7.8.4.tgz",
      "integrity": "sha512-rUCObTnP32Q08R2uuIrt7r9PlEonuTmtuXYcW6s5kjdlj3xbnwe+21yXptAUYcMAABLkYYTtnmzb3w3EDZfueA==",
      "dev": true,
      "license": "ISC",
      "bin": {
        "semver": "bin/semver.js"
      },
      "engines": {
        "node": ">=10"
      }
    },
    "node_modules/string-width": {
      "version": "4.2.3",
      "resolved": "https://registry.npmjs.org/string-width/-/string-width-4.2.3.tgz",
      "integrity": "sha512-wKyQRQpjJ0sIp62ErSZdGsjMJWsap5oRNihHhu6G7JVO/9jIB6UyevL+tXuOqrng8j/cxKTWyWUwvSTriiZz/g==",
      "dev": true,
      "license": "MIT",
      "dependencies": {
        "emoji-regex": "^8.0.0",
        "is-fullwidth-code-point": "^3.0.0",
        "strip-ansi": "^6.0.1"
      },
      "engines": {
        "node": ">=8"
      }
    },
    "node_modules/strip-ansi": {
      "version": "6.0.1",
      "resolved": "https://registry.npmjs.org/strip-ansi/-/strip-ansi-6.0.1.tgz",
      "integrity": "sha512-Y38VPSHcqkFrCpFnQ9vuSXmquuv5oXOKpGeT6aGrr3o3Gc9AlVa6JBfUSOCnbxGGZF+/0ooI7KrPuUSztUdU5A==",
      "dev": true,
      "license": "MIT",
      "dependencies": {
        "ansi-regex": "^5.0.1"
      },
      "engines": {
        "node": ">=8"
      }
    },
    "node_modules/tinyexec": {
      "version": "1.2.4",
      "resolved": "https://registry.npmjs.org/tinyexec/-/tinyexec-1.2.4.tgz",
      "integrity": "sha512-SHf/r48b7vOrjve9PxJo3MN5v5yuyjHvdUcrQffT3WXMUfnGmHDVbC4k3sHJaJTgZCwpUplIaAo5ANtMyp3YHg==",
      "dev": true,
      "license": "MIT",
      "engines": {
        "node": ">=18"
      }
    },
    "node_modules/typescript": {
      "version": "6.0.3",
      "resolved": "https://registry.npmjs.org/typescript/-/typescript-6.0.3.tgz",
      "integrity": "sha512-y2TvuxSZPDyQakkFRPZHKFm+KKVqIisdg9/CZwm9ftvKXLP8NRWj38/ODjNbr43SsoXqNuAisEf1GdCxqWcdBw==",
      "dev": true,
      "license": "Apache-2.0",
      "peer": true,
      "bin": {
        "tsc": "bin/tsc",
        "tsserver": "bin/tsserver"
      },
      "engines": {
        "node": ">=14.17"
      }
    },
    "node_modules/undici-types": {
      "version": "7.24.6",
      "resolved": "https://registry.npmjs.org/undici-types/-/undici-types-7.24.6.tgz",
      "integrity": "sha512-WRNW+sJgj5OBN4/0JpHFqtqzhpbnV0GuB+OozA9gCL7a993SmU+1JBZCzLNxYsbMfIeDL+lTsphD5jN5N+n0zg==",
      "dev": true,
      "license": "MIT",
      "peer": true
    },
    "node_modules/wrap-ansi": {
      "version": "7.0.0",
      "resolved": "https://registry.npmjs.org/wrap-ansi/-/wrap-ansi-7.0.0.tgz",
      "integrity": "sha512-YVGIj2kamLSTxw6NsZjoBxfSwsn0ycdesmc4p+Q21c5zPuZ1pl+NfxVdxPtdHvmNVOQ6XSYG4AUtyt/Fi7D16Q==",
      "dev": true,
      "license": "MIT",
      "dependencies": {
        "ansi-styles": "^4.0.0",
        "string-width": "^4.1.0",
        "strip-ansi": "^6.0.0"
      },
      "engines": {
        "node": ">=10"
      },
      "funding": {
        "url": "https://github.com/chalk/wrap-ansi?sponsor=1"
      }
    },
    "node_modules/y18n": {
      "version": "5.0.8",
      "resolved": "https://registry.npmjs.org/y18n/-/y18n-5.0.8.tgz",
      "integrity": "sha512-0pfFzegeDWJHJIAmTLRP2DwHjdF5s7jo9tuztdQxAhINCdvS+3nGINqPd00AphqJR/0LhANUS6/+7SCb98YOfA==",
      "dev": true,
      "license": "ISC",
      "engines": {
        "node": ">=10"
      }
    },
    "node_modules/yargs": {
      "version": "17.7.2",
      "resolved": "https://registry.npmjs.org/yargs/-/yargs-17.7.2.tgz",
      "integrity": "sha512-7dSzzRQ++CKnNI/krKnYRV7JKKPUXMEh61soaHKg9mrWEhzFWhFnxPxGl+69cD1Ou63C13NUPCnmIcrvqCuM6w==",
      "dev": true,
      "license": "MIT",
      "dependencies": {
        "cliui": "^8.0.1",
        "escalade": "^3.1.1",
        "get-caller-file": "^2.0.5",
        "require-directory": "^2.1.1",
        "string-width": "^4.2.3",
        "y18n": "^5.0.5",
        "yargs-parser": "^21.1.1"
      },
      "engines": {
        "node": ">=12"
      }
    },
    "node_modules/yargs-parser": {
      "version": "21.1.1",
      "resolved": "https://registry.npmjs.org/yargs-parser/-/yargs-parser-21.1.1.tgz",
      "integrity": "sha512-tVpsJW7DdjecAiFpbIB1e3qxIQsE6NoPc5/eTdrbbIC4h0LVsWhnoa3g+m2HclBIujHzsxZ4VJVA+GUuc2/LBw==",
      "dev": true,
      "license": "ISC",
      "engines": {
        "node": ">=12"
      }
    }
  }
}
